
Microsoft Visual Studio Solution File, Format Version 12.00
# Visual Studio Version 16
VisualStudioVersion = 16.0.31005.135
MinimumVisualStudioVersion = 10.0.40219.1
Project("{8BC9CEB8-8B4A-11D0-8D11-00A0C91BC942}") = "Project7", "Project7\Project7.vcxproj", "{9251DEFA-B103-42C8-879B-D5DDE833A36A}"
EndProject
Project("{8BC9CEB8-8B4A-11D0-8D11-00A0C91BC942}") = "UnitTest1", "UnitTest1\UnitTest1.vcxproj", "{986FD0F7-CF68-4919-9CC7-CE6DC2EE7ADC}"
EndProject
Project("{8BC9CEB8-8B4A-11D0-8D11-00A0C91BC942}") = "UnitTest2", "UnitTest2\UnitTest2.vcxproj", "{F0CA98B6-D4B0-4A42-83CB-63E5E70AA1E9}"
EndProject
Project("{F184B08F-C81C-45F6-A57F-5ABD9991F28F}") = "CodedUITestProject10", "CodedUITestProject10\CodedUITestProject10.vbproj", "{583FEB0D-94B6-486D-99AC-ADD6E41A6308}"
EndProject
Global
	GlobalSection(SolutionConfigurationPlatforms) = preSolution
		Debug|Any CPU = Debug|Any CPU
		Debug|x64 = Debug|x64
		Debug|x86 = Debug|x86
		Release|Any CPU = Release|Any CPU
		Release|x64 = Release|x64
		Release|x86 = Release|x86
	EndGlobalSection
	GlobalSection(ProjectConfigurationPlatforms) = postSolution
		{9251DEFA-B103-42C8-879B-D5DDE833A36A}.Debug|Any CPU.ActiveCfg = Debug|Win32
		{9251DEFA-B103-42C8-879B-D5DDE833A36A}.Debug|x64.ActiveCfg = Debug|x64
		{9251DEFA-B103-42C8-879B-D5DDE833A36A}.Debug|x64.Build.0 = Debug|x64
		{9251DEFA-B103-42C8-879B-D5DDE833A36A}.Debug|x86.ActiveCfg = Debug|Win32
		{9251DEFA-B103-42C8-879B-D5DDE833A36A}.Debug|x86.Build.0 = Debug|Win32
		{9251DEFA-B103-42C8-879B-D5DDE833A36A}.Release|Any CPU.ActiveCfg = Release|Win32
		{9251DEFA-B103-42C8-879B-D5DDE833A36A}.Release|x64.ActiveCfg = Release|x64
		{9251DEFA-B103-42C8-879B-D5DDE833A36A}.Release|x64.Build.0 = Release|x64
		{9251DEFA-B103-42C8-879B-D5DDE833A36A}.Release|x86.ActiveCfg = Release|Win32
		{9251DEFA-B103-42C8-879B-D5DDE833A36A}.Release|x86.Build.0 = Release|Win32
		{986FD0F7-CF68-4919-9CC7-CE6DC2EE7ADC}.Debug|Any CPU.ActiveCfg = Debug|Win32
		{986FD0F7-CF68-4919-9CC7-CE6DC2EE7ADC}.Debug|x64.ActiveCfg = Debug|x64
		{986FD0F7-CF68-4919-9CC7-CE6DC2EE7ADC}.Debug|x64.Build.0 = Debug|x64
		{986FD0F7-CF68-4919-9CC7-CE6DC2EE7ADC}.Debug|x86.ActiveCfg = Debug|Win32
		{986FD0F7-CF68-4919-9CC7-CE6DC2EE7ADC}.Debug|x86.Build.0 = Debug|Win32
		{986FD0F7-CF68-4919-9CC7-CE6DC2EE7ADC}.Release|Any CPU.ActiveCfg = Release|Win32
		{986FD0F7-CF68-4919-9CC7-CE6DC2EE7ADC}.Release|x64.ActiveCfg = Release|x64
		{986FD0F7-CF68-4919-9CC7-CE6DC2EE7ADC}.Release|x64.Build.0 = Release|x64
		{986FD0F7-CF68-4919-9CC7-CE6DC2EE7ADC}.Release|x86.ActiveCfg = Release|Win32
		{986FD0F7-CF68-4919-9CC7-CE6DC2EE7ADC}.Release|x86.Build.0 = Release|Win32
		{F0CA98B6-D4B0-4A42-83CB-63E5E70AA1E9}.Debug|Any CPU.ActiveCfg = Debug|Win32
		{F0CA98B6-D4B0-4A42-83CB-63E5E70AA1E9}.Debug|x64.ActiveCfg = Debug|x64
		{F0CA98B6-D4B0-4A42-83CB-63E5E70AA1E9}.Debug|x64.Build.0 = Debug|x64
		{F0CA98B6-D4B0-4A42-83CB-63E5E70AA1E9}.Debug|x86.ActiveCfg = Debug|Win32
		{F0CA98B6-D4B0-4A42-83CB-63E5E70AA1E9}.Debug|x86.Build.0 = Debug|Win32
		{F0CA98B6-D4B0-4A42-83CB-63E5E70AA1E9}.Release|Any CPU.ActiveCfg = Release|Win32
		{F0CA98B6-D4B0-4A42-83CB-63E5E70AA1E9}.Release|x64.ActiveCfg = Release|x64
		{F0CA98B6-D4B0-4A42-83CB-63E5E70AA1E9}.Release|x64.Build.0 = Release|x64
		{F0CA98B6-D4B0-4A42-83CB-63E5E70AA1E9}.Release|x86.ActiveCfg = Release|Win32
		{F0CA98B6-D4B0-4A42-83CB-63E5E70AA1E9}.Release|x86.Build.0 = Release|Win32
		{583FEB0D-94B6-486D-99AC-ADD6E41A6308}.Debug|Any CPU.ActiveCfg = Debug|Any CPU
		{583FEB0D-94B6-486D-99AC-ADD6E41A6308}.Debug|Any CPU.Build.0 = Debug|Any CPU
		{583FEB0D-94B6-486D-99AC-ADD6E41A6308}.Debug|x64.ActiveCfg = Debug|Any CPU
		{583FEB0D-94B6-486D-99AC-ADD6E41A6308}.Debug|x64.Build.0 = Debug|Any CPU
		{583FEB0D-94B6-486D-99AC-ADD6E41A6308}.Debug|x86.ActiveCfg = Debug|Any CPU
		{583FEB0D-94B6-486D-99AC-ADD6E41A6308}.Debug|x86.Build.0 = Debug|Any CPU
		{583FEB0D-94B6-486D-99AC-ADD6E41A6308}.Release|Any CPU.ActiveCfg = Release|Any CPU
		{583FEB0D-94B6-486D-99AC-ADD6E41A6308}.Release|Any CPU.Build.0 = Release|Any CPU
		{583FEB0D-94B6-486D-99AC-ADD6E41A6308}.Release|x64.ActiveCfg = Release|Any CPU
		{583FEB0D-94B6-486D-99AC-ADD6E41A6308}.Release|x64.Build.0 = Release|Any CPU
		{583FEB0D-94B6-486D-99AC-ADD6E41A6308}.Release|x86.ActiveCfg = Release|Any CPU
		{583FEB0D-94B6-486D-99AC-ADD6E41A6308}.Release|x86.Build.0 = Release|Any CPU
	EndGlobalSection
	GlobalSection(SolutionProperties) = preSolution
		HideSolutionNode = FALSE
	EndGlobalSection
	GlobalSection(ExtensibilityGlobals) = postSolution
		SolutionGuid = {4D6B0300-239E-4751-A1EF-DE5ACBF71C61}
	EndGlobalSection
EndGlobal
